# THIS IS AN AUTOGENERATED FILE. DO NOT EDIT THIS FILE DIRECTLY.
# yarn lockfile v1


lodash@^4.17.19:
  version "4.17.19"
  resolved "https://registry.yarnpkg.com/lodash/-/lodash-4.17.19.tgz#e48ddedbe30b3321783c5b4301fbd353bc1e4a4b"
  integrity sha512-JNvd8XER9GQX0v2qJgsaN/mzFCNA5BRe/j8JN9d+tWyGLSodKQHKFicdwNYzWwI3wjRnaKPsGj1XkBjx/F96DQ==

nanoevents@^2.0.0:
  version "2.0.0"
  resolved "https://registry.yarnpkg.com/nanoevents/-/nanoevents-2.0.0.tgz#5a6051ebbcdfd67efe94cca0e4a03d616e1a4949"
  integrity sha512-6wRUNwBA07fyeun/xqG1UzmKd3ucgzcxTyaWcqjsNL0PaXy4YAezyHPnMdsPYEsOl/9wyQ85j39rPYF0FNDozQ==
