# THIS IS AN AUTOGENERATED FILE. DO NOT EDIT THIS FILE DIRECTLY.
# yarn lockfile v1


cloc@^2.7.0:
  version "2.7.0"
  resolved "https://registry.yarnpkg.com/cloc/-/cloc-2.7.0.tgz#203b1d77f92a490da277d42378d3cf0d7ce354cf"
  integrity sha512-oYzWIKkf4NoBnAgRcSEEKT0RUI0S9ZYeyAPSgcAQPT/bnG6m8Kkzrguhjy3Q218o6uWPoGdhT5cmtdxL4gpTYQ==
