# THIS IS AN AUTOGENERATED FILE. DO NOT EDIT THIS FILE DIRECTLY.
# yarn lockfile v1


module-alias@^2.2.2:
  version "2.2.2"
  resolved "https://registry.yarnpkg.com/module-alias/-/module-alias-2.2.2.tgz#151cdcecc24e25739ff0aa6e51e1c5716974c0e0"
  integrity sha512-A/78XjoX2EmNvppVWEhM2oGk3x4lLxnkEA4jTbaK97QKSDjkIoOsKQlfylt/d3kKKi596Qy3NP5XrXJ6fZIC9Q==

prettier@1.19.1:
  version "1.19.1"
  resolved "https://registry.yarnpkg.com/prettier/-/prettier-1.19.1.tgz#f7d7f5ff8a9cd872a7be4ca142095956a60797cb"
  integrity sha512-s7PoyDv/II1ObgQunCbB9PdLmUcBZcnWOcxDh7O0N/UwDEsHyqkW+Qh28jW+mVuCdx7gLB0BotYI1Y6uI9iyew==
