# THIS IS AN AUTOGENERATED FILE. DO NOT EDIT THIS FILE DIRECTLY.
# yarn lockfile v1


colors@^1.4.0:
  version "1.4.0"
  resolved "https://registry.yarnpkg.com/colors/-/colors-1.4.0.tgz#c50491479d4c1bdaed2c9ced32cf7c7dc2360f78"
  integrity sha512-a+UqTh4kgZg/SlGvfbzDHpgRu7AAQOmmqRHJnxhRZICKFUT91brVhNNt58CMWU9PsBbv3PDCZUHbVxuDiH2mtA==

flow-bin@^0.116.1:
  version "0.116.1"
  resolved "https://registry.yarnpkg.com/flow-bin/-/flow-bin-0.116.1.tgz#797964df40f2e32cad7e334583535105161434f4"
  integrity sha512-ZSvjx+S4PtDNKcA4U0Afm8sHzzSlTdBBT//N2AltcaN6M/gyxAOGXjC6VkMMGqKWttw+5Psq6fU+RIvD1q/ocA==
